
Microsoft Visual Studio Solution File, Format Version 12.00
# Visual Studio Version 17
VisualStudioVersion = 17.12.35527.113
MinimumVisualStudioVersion = 10.0.40219.1
Project("{8BC9CEB8-8B4A-11D0-8D11-00A0C91BC942}") = "practice01", "practice\practice01\practice01.vcxproj", "{C71C33A0-CEDB-438B-BE69-B9A04FBB7635}"
EndProject
Project("{8BC9CEB8-8B4A-11D0-8D11-00A0C91BC942}") = "practice02", "practice\practice02\practice02.vcxproj", "{06B8F7C6-ACFA-4E27-80B4-EECEC1AC3F53}"
EndProject
Project("{8BC9CEB8-8B4A-11D0-8D11-00A0C91BC942}") = "practice03", "practice\practice03\practice03.vcxproj", "{72A25EC5-B27A-4F82-A8E1-FD69F5DA4026}"
EndProject
Project("{8BC9CEB8-8B4A-11D0-8D11-00A0C91BC942}") = "project01", "projects\project01\project01.vcxproj", "{831564B3-68C0-4196-83E6-F45C5A23FEBB}"
EndProject
Project("{8BC9CEB8-8B4A-11D0-8D11-00A0C91BC942}") = "practice03_test", "tests\practice03_test\practice03_test.vcxproj", "{898B1AAE-ED91-44DC-A48E-6A6AFEC0E505}"
EndProject
Project("{8BC9CEB8-8B4A-11D0-8D11-00A0C91BC942}") = "practice04", "practice\practice04\practice04.vcxproj", "{DCA3D22A-704F-4EF4-8B6B-A3D0BC6C7C02}"
EndProject
Project("{8BC9CEB8-8B4A-11D0-8D11-00A0C91BC942}") = "tutorial04", "tutorials\tutorial04\tutorial04.vcxproj", "{47CE9AC6-88A6-4C08-A798-56AFFA7A60AD}"
EndProject
Project("{8BC9CEB8-8B4A-11D0-8D11-00A0C91BC942}") = "problem2b.cpp", "practice\practice04\problem2b.cpp\problem2b.cpp.vcxproj", "{D794B091-C6D3-4307-BC8F-7F69240366E9}"
EndProject
Project("{8BC9CEB8-8B4A-11D0-8D11-00A0C91BC942}") = "problem3b", "practice\practice04\problem3b\problem3b.vcxproj", "{B9BAB214-E1CD-4608-911B-8BC672F3925F}"
EndProject
Project("{8BC9CEB8-8B4A-11D0-8D11-00A0C91BC942}") = "practice05", "practice\practice05\practice05.vcxproj", "{AB389AB6-4B41-4AC5-8507-82EA9FD4D600}"
EndProject
Project("{8BC9CEB8-8B4A-11D0-8D11-00A0C91BC942}") = "problem2a", "practice\practice05\problem2a\problem2a.vcxproj", "{C3F524D8-1D3F-4919-B930-A6E1BCDA171C}"
EndProject
Project("{8BC9CEB8-8B4A-11D0-8D11-00A0C91BC942}") = "problem3a", "practice\practice05\problem3a\problem3a.vcxproj", "{4F64DAC1-61F5-4C91-9A4D-E82B39D5D7DD}"
EndProject
Project("{8BC9CEB8-8B4A-11D0-8D11-00A0C91BC942}") = "practice06", "practice\practice06\practice06\practice06.vcxproj", "{C032EB11-7D3B-4132-95A1-C1C9E04A63DF}"
EndProject
Project("{8BC9CEB8-8B4A-11D0-8D11-00A0C91BC942}") = "practice07", "practice\practice07\practice07\practice07.vcxproj", "{DB2B0BEB-B461-4D52-8578-110F5F995790}"
EndProject
Project("{8BC9CEB8-8B4A-11D0-8D11-00A0C91BC942}") = "project02", "projects\project02\project02\project02.vcxproj", "{9C6CD4C2-8A83-4938-8B7B-892AEEFFFB28}"
EndProject
Project("{8BC9CEB8-8B4A-11D0-8D11-00A0C91BC942}") = "practice09", "practice\practice09\practice09.vcxproj", "{42E05965-BC27-4130-A3F2-BA2A6602A601}"
EndProject
Project("{8BC9CEB8-8B4A-11D0-8D11-00A0C91BC942}") = "practice10", "practice\Practice10\practice10\practice10.vcxproj", "{DFEEF547-2D03-4074-A9A3-F2B479F77F84}"
EndProject
Project("{8BC9CEB8-8B4A-11D0-8D11-00A0C91BC942}") = "practice11", "practice\practice11\practice11.vcxproj", "{89611425-EC3C-4F6E-998D-92583BF8D9D1}"
EndProject
Global
	GlobalSection(SolutionConfigurationPlatforms) = preSolution
		Debug|x64 = Debug|x64
		Debug|x86 = Debug|x86
		Release|x64 = Release|x64
		Release|x86 = Release|x86
	EndGlobalSection
	GlobalSection(ProjectConfigurationPlatforms) = postSolution
		{C71C33A0-CEDB-438B-BE69-B9A04FBB7635}.Debug|x64.ActiveCfg = Debug|x64
		{C71C33A0-CEDB-438B-BE69-B9A04FBB7635}.Debug|x64.Build.0 = Debug|x64
		{C71C33A0-CEDB-438B-BE69-B9A04FBB7635}.Debug|x86.ActiveCfg = Debug|Win32
		{C71C33A0-CEDB-438B-BE69-B9A04FBB7635}.Debug|x86.Build.0 = Debug|Win32
		{C71C33A0-CEDB-438B-BE69-B9A04FBB7635}.Release|x64.ActiveCfg = Release|x64
		{C71C33A0-CEDB-438B-BE69-B9A04FBB7635}.Release|x64.Build.0 = Release|x64
		{C71C33A0-CEDB-438B-BE69-B9A04FBB7635}.Release|x86.ActiveCfg = Release|Win32
		{C71C33A0-CEDB-438B-BE69-B9A04FBB7635}.Release|x86.Build.0 = Release|Win32
		{06B8F7C6-ACFA-4E27-80B4-EECEC1AC3F53}.Debug|x64.ActiveCfg = Debug|x64
		{06B8F7C6-ACFA-4E27-80B4-EECEC1AC3F53}.Debug|x64.Build.0 = Debug|x64
		{06B8F7C6-ACFA-4E27-80B4-EECEC1AC3F53}.Debug|x86.ActiveCfg = Debug|Win32
		{06B8F7C6-ACFA-4E27-80B4-EECEC1AC3F53}.Debug|x86.Build.0 = Debug|Win32
		{06B8F7C6-ACFA-4E27-80B4-EECEC1AC3F53}.Release|x64.ActiveCfg = Release|x64
		{06B8F7C6-ACFA-4E27-80B4-EECEC1AC3F53}.Release|x64.Build.0 = Release|x64
		{06B8F7C6-ACFA-4E27-80B4-EECEC1AC3F53}.Release|x86.ActiveCfg = Release|Win32
		{06B8F7C6-ACFA-4E27-80B4-EECEC1AC3F53}.Release|x86.Build.0 = Release|Win32
		{72A25EC5-B27A-4F82-A8E1-FD69F5DA4026}.Debug|x64.ActiveCfg = Debug|x64
		{72A25EC5-B27A-4F82-A8E1-FD69F5DA4026}.Debug|x64.Build.0 = Debug|x64
		{72A25EC5-B27A-4F82-A8E1-FD69F5DA4026}.Debug|x86.ActiveCfg = Debug|Win32
		{72A25EC5-B27A-4F82-A8E1-FD69F5DA4026}.Debug|x86.Build.0 = Debug|Win32
		{72A25EC5-B27A-4F82-A8E1-FD69F5DA4026}.Release|x64.ActiveCfg = Release|x64
		{72A25EC5-B27A-4F82-A8E1-FD69F5DA4026}.Release|x64.Build.0 = Release|x64
		{72A25EC5-B27A-4F82-A8E1-FD69F5DA4026}.Release|x86.ActiveCfg = Release|Win32
		{72A25EC5-B27A-4F82-A8E1-FD69F5DA4026}.Release|x86.Build.0 = Release|Win32
		{831564B3-68C0-4196-83E6-F45C5A23FEBB}.Debug|x64.ActiveCfg = Debug|x64
		{831564B3-68C0-4196-83E6-F45C5A23FEBB}.Debug|x64.Build.0 = Debug|x64
		{831564B3-68C0-4196-83E6-F45C5A23FEBB}.Debug|x86.ActiveCfg = Debug|Win32
		{831564B3-68C0-4196-83E6-F45C5A23FEBB}.Debug|x86.Build.0 = Debug|Win32
		{831564B3-68C0-4196-83E6-F45C5A23FEBB}.Release|x64.ActiveCfg = Release|x64
		{831564B3-68C0-4196-83E6-F45C5A23FEBB}.Release|x64.Build.0 = Release|x64
		{831564B3-68C0-4196-83E6-F45C5A23FEBB}.Release|x86.ActiveCfg = Release|Win32
		{831564B3-68C0-4196-83E6-F45C5A23FEBB}.Release|x86.Build.0 = Release|Win32
		{898B1AAE-ED91-44DC-A48E-6A6AFEC0E505}.Debug|x64.ActiveCfg = Debug|x64
		{898B1AAE-ED91-44DC-A48E-6A6AFEC0E505}.Debug|x64.Build.0 = Debug|x64
		{898B1AAE-ED91-44DC-A48E-6A6AFEC0E505}.Debug|x86.ActiveCfg = Debug|Win32
		{898B1AAE-ED91-44DC-A48E-6A6AFEC0E505}.Debug|x86.Build.0 = Debug|Win32
		{898B1AAE-ED91-44DC-A48E-6A6AFEC0E505}.Release|x64.ActiveCfg = Release|x64
		{898B1AAE-ED91-44DC-A48E-6A6AFEC0E505}.Release|x64.Build.0 = Release|x64
		{898B1AAE-ED91-44DC-A48E-6A6AFEC0E505}.Release|x86.ActiveCfg = Release|Win32
		{898B1AAE-ED91-44DC-A48E-6A6AFEC0E505}.Release|x86.Build.0 = Release|Win32
		{DCA3D22A-704F-4EF4-8B6B-A3D0BC6C7C02}.Debug|x64.ActiveCfg = Debug|x64
		{DCA3D22A-704F-4EF4-8B6B-A3D0BC6C7C02}.Debug|x64.Build.0 = Debug|x64
		{DCA3D22A-704F-4EF4-8B6B-A3D0BC6C7C02}.Debug|x86.ActiveCfg = Debug|Win32
		{DCA3D22A-704F-4EF4-8B6B-A3D0BC6C7C02}.Debug|x86.Build.0 = Debug|Win32
		{DCA3D22A-704F-4EF4-8B6B-A3D0BC6C7C02}.Release|x64.ActiveCfg = Release|x64
		{DCA3D22A-704F-4EF4-8B6B-A3D0BC6C7C02}.Release|x64.Build.0 = Release|x64
		{DCA3D22A-704F-4EF4-8B6B-A3D0BC6C7C02}.Release|x86.ActiveCfg = Release|Win32
		{DCA3D22A-704F-4EF4-8B6B-A3D0BC6C7C02}.Release|x86.Build.0 = Release|Win32
		{47CE9AC6-88A6-4C08-A798-56AFFA7A60AD}.Debug|x64.ActiveCfg = Debug|x64
		{47CE9AC6-88A6-4C08-A798-56AFFA7A60AD}.Debug|x64.Build.0 = Debug|x64
		{47CE9AC6-88A6-4C08-A798-56AFFA7A60AD}.Debug|x86.ActiveCfg = Debug|Win32
		{47CE9AC6-88A6-4C08-A798-56AFFA7A60AD}.Debug|x86.Build.0 = Debug|Win32
		{47CE9AC6-88A6-4C08-A798-56AFFA7A60AD}.Release|x64.ActiveCfg = Release|x64
		{47CE9AC6-88A6-4C08-A798-56AFFA7A60AD}.Release|x64.Build.0 = Release|x64
		{47CE9AC6-88A6-4C08-A798-56AFFA7A60AD}.Release|x86.ActiveCfg = Release|Win32
		{47CE9AC6-88A6-4C08-A798-56AFFA7A60AD}.Release|x86.Build.0 = Release|Win32
		{D794B091-C6D3-4307-BC8F-7F69240366E9}.Debug|x64.ActiveCfg = Debug|x64
		{D794B091-C6D3-4307-BC8F-7F69240366E9}.Debug|x64.Build.0 = Debug|x64
		{D794B091-C6D3-4307-BC8F-7F69240366E9}.Debug|x86.ActiveCfg = Debug|Win32
		{D794B091-C6D3-4307-BC8F-7F69240366E9}.Debug|x86.Build.0 = Debug|Win32
		{D794B091-C6D3-4307-BC8F-7F69240366E9}.Release|x64.ActiveCfg = Release|x64
		{D794B091-C6D3-4307-BC8F-7F69240366E9}.Release|x64.Build.0 = Release|x64
		{D794B091-C6D3-4307-BC8F-7F69240366E9}.Release|x86.ActiveCfg = Release|Win32
		{D794B091-C6D3-4307-BC8F-7F69240366E9}.Release|x86.Build.0 = Release|Win32
		{B9BAB214-E1CD-4608-911B-8BC672F3925F}.Debug|x64.ActiveCfg = Debug|x64
		{B9BAB214-E1CD-4608-911B-8BC672F3925F}.Debug|x64.Build.0 = Debug|x64
		{B9BAB214-E1CD-4608-911B-8BC672F3925F}.Debug|x86.ActiveCfg = Debug|Win32
		{B9BAB214-E1CD-4608-911B-8BC672F3925F}.Debug|x86.Build.0 = Debug|Win32
		{B9BAB214-E1CD-4608-911B-8BC672F3925F}.Release|x64.ActiveCfg = Release|x64
		{B9BAB214-E1CD-4608-911B-8BC672F3925F}.Release|x64.Build.0 = Release|x64
		{B9BAB214-E1CD-4608-911B-8BC672F3925F}.Release|x86.ActiveCfg = Release|Win32
		{B9BAB214-E1CD-4608-911B-8BC672F3925F}.Release|x86.Build.0 = Release|Win32
		{AB389AB6-4B41-4AC5-8507-82EA9FD4D600}.Debug|x64.ActiveCfg = Debug|x64
		{AB389AB6-4B41-4AC5-8507-82EA9FD4D600}.Debug|x64.Build.0 = Debug|x64
		{AB389AB6-4B41-4AC5-8507-82EA9FD4D600}.Debug|x86.ActiveCfg = Debug|Win32
		{AB389AB6-4B41-4AC5-8507-82EA9FD4D600}.Debug|x86.Build.0 = Debug|Win32
		{AB389AB6-4B41-4AC5-8507-82EA9FD4D600}.Release|x64.ActiveCfg = Release|x64
		{AB389AB6-4B41-4AC5-8507-82EA9FD4D600}.Release|x64.Build.0 = Release|x64
		{AB389AB6-4B41-4AC5-8507-82EA9FD4D600}.Release|x86.ActiveCfg = Release|Win32
		{AB389AB6-4B41-4AC5-8507-82EA9FD4D600}.Release|x86.Build.0 = Release|Win32
		{C3F524D8-1D3F-4919-B930-A6E1BCDA171C}.Debug|x64.ActiveCfg = Debug|x64
		{C3F524D8-1D3F-4919-B930-A6E1BCDA171C}.Debug|x64.Build.0 = Debug|x64
		{C3F524D8-1D3F-4919-B930-A6E1BCDA171C}.Debug|x86.ActiveCfg = Debug|Win32
		{C3F524D8-1D3F-4919-B930-A6E1BCDA171C}.Debug|x86.Build.0 = Debug|Win32
		{C3F524D8-1D3F-4919-B930-A6E1BCDA171C}.Release|x64.ActiveCfg = Release|x64
		{C3F524D8-1D3F-4919-B930-A6E1BCDA171C}.Release|x64.Build.0 = Release|x64
		{C3F524D8-1D3F-4919-B930-A6E1BCDA171C}.Release|x86.ActiveCfg = Release|Win32
		{C3F524D8-1D3F-4919-B930-A6E1BCDA171C}.Release|x86.Build.0 = Release|Win32
		{4F64DAC1-61F5-4C91-9A4D-E82B39D5D7DD}.Debug|x64.ActiveCfg = Debug|x64
		{4F64DAC1-61F5-4C91-9A4D-E82B39D5D7DD}.Debug|x64.Build.0 = Debug|x64
		{4F64DAC1-61F5-4C91-9A4D-E82B39D5D7DD}.Debug|x86.ActiveCfg = Debug|Win32
		{4F64DAC1-61F5-4C91-9A4D-E82B39D5D7DD}.Debug|x86.Build.0 = Debug|Win32
		{4F64DAC1-61F5-4C91-9A4D-E82B39D5D7DD}.Release|x64.ActiveCfg = Release|x64
		{4F64DAC1-61F5-4C91-9A4D-E82B39D5D7DD}.Release|x64.Build.0 = Release|x64
		{4F64DAC1-61F5-4C91-9A4D-E82B39D5D7DD}.Release|x86.ActiveCfg = Release|Win32
		{4F64DAC1-61F5-4C91-9A4D-E82B39D5D7DD}.Release|x86.Build.0 = Release|Win32
		{C032EB11-7D3B-4132-95A1-C1C9E04A63DF}.Debug|x64.ActiveCfg = Debug|x64
		{C032EB11-7D3B-4132-95A1-C1C9E04A63DF}.Debug|x64.Build.0 = Debug|x64
		{C032EB11-7D3B-4132-95A1-C1C9E04A63DF}.Debug|x86.ActiveCfg = Debug|Win32
		{C032EB11-7D3B-4132-95A1-C1C9E04A63DF}.Debug|x86.Build.0 = Debug|Win32
		{C032EB11-7D3B-4132-95A1-C1C9E04A63DF}.Release|x64.ActiveCfg = Release|x64
		{C032EB11-7D3B-4132-95A1-C1C9E04A63DF}.Release|x64.Build.0 = Release|x64
		{C032EB11-7D3B-4132-95A1-C1C9E04A63DF}.Release|x86.ActiveCfg = Release|Win32
		{C032EB11-7D3B-4132-95A1-C1C9E04A63DF}.Release|x86.Build.0 = Release|Win32
		{DB2B0BEB-B461-4D52-8578-110F5F995790}.Debug|x64.ActiveCfg = Debug|x64
		{DB2B0BEB-B461-4D52-8578-110F5F995790}.Debug|x64.Build.0 = Debug|x64
		{DB2B0BEB-B461-4D52-8578-110F5F995790}.Debug|x86.ActiveCfg = Debug|Win32
		{DB2B0BEB-B461-4D52-8578-110F5F995790}.Debug|x86.Build.0 = Debug|Win32
		{DB2B0BEB-B461-4D52-8578-110F5F995790}.Release|x64.ActiveCfg = Release|x64
		{DB2B0BEB-B461-4D52-8578-110F5F995790}.Release|x64.Build.0 = Release|x64
		{DB2B0BEB-B461-4D52-8578-110F5F995790}.Release|x86.ActiveCfg = Release|Win32
		{DB2B0BEB-B461-4D52-8578-110F5F995790}.Release|x86.Build.0 = Release|Win32
		{9C6CD4C2-8A83-4938-8B7B-892AEEFFFB28}.Debug|x64.ActiveCfg = Debug|x64
		{9C6CD4C2-8A83-4938-8B7B-892AEEFFFB28}.Debug|x64.Build.0 = Debug|x64
		{9C6CD4C2-8A83-4938-8B7B-892AEEFFFB28}.Debug|x86.ActiveCfg = Debug|Win32
		{9C6CD4C2-8A83-4938-8B7B-892AEEFFFB28}.Debug|x86.Build.0 = Debug|Win32
		{9C6CD4C2-8A83-4938-8B7B-892AEEFFFB28}.Release|x64.ActiveCfg = Release|x64
		{9C6CD4C2-8A83-4938-8B7B-892AEEFFFB28}.Release|x64.Build.0 = Release|x64
		{9C6CD4C2-8A83-4938-8B7B-892AEEFFFB28}.Release|x86.ActiveCfg = Release|Win32
		{9C6CD4C2-8A83-4938-8B7B-892AEEFFFB28}.Release|x86.Build.0 = Release|Win32
		{42E05965-BC27-4130-A3F2-BA2A6602A601}.Debug|x64.ActiveCfg = Debug|x64
		{42E05965-BC27-4130-A3F2-BA2A6602A601}.Debug|x64.Build.0 = Debug|x64
		{42E05965-BC27-4130-A3F2-BA2A6602A601}.Debug|x86.ActiveCfg = Debug|Win32
		{42E05965-BC27-4130-A3F2-BA2A6602A601}.Debug|x86.Build.0 = Debug|Win32
		{42E05965-BC27-4130-A3F2-BA2A6602A601}.Release|x64.ActiveCfg = Release|x64
		{42E05965-BC27-4130-A3F2-BA2A6602A601}.Release|x64.Build.0 = Release|x64
		{42E05965-BC27-4130-A3F2-BA2A6602A601}.Release|x86.ActiveCfg = Release|Win32
		{42E05965-BC27-4130-A3F2-BA2A6602A601}.Release|x86.Build.0 = Release|Win32
		{DFEEF547-2D03-4074-A9A3-F2B479F77F84}.Debug|x64.ActiveCfg = Debug|x64
		{DFEEF547-2D03-4074-A9A3-F2B479F77F84}.Debug|x64.Build.0 = Debug|x64
		{DFEEF547-2D03-4074-A9A3-F2B479F77F84}.Debug|x86.ActiveCfg = Debug|Win32
		{DFEEF547-2D03-4074-A9A3-F2B479F77F84}.Debug|x86.Build.0 = Debug|Win32
		{DFEEF547-2D03-4074-A9A3-F2B479F77F84}.Release|x64.ActiveCfg = Release|x64
		{DFEEF547-2D03-4074-A9A3-F2B479F77F84}.Release|x64.Build.0 = Release|x64
		{DFEEF547-2D03-4074-A9A3-F2B479F77F84}.Release|x86.ActiveCfg = Release|Win32
		{DFEEF547-2D03-4074-A9A3-F2B479F77F84}.Release|x86.Build.0 = Release|Win32
		{89611425-EC3C-4F6E-998D-92583BF8D9D1}.Debug|x64.ActiveCfg = Debug|x64
		{89611425-EC3C-4F6E-998D-92583BF8D9D1}.Debug|x64.Build.0 = Debug|x64
		{89611425-EC3C-4F6E-998D-92583BF8D9D1}.Debug|x86.ActiveCfg = Debug|Win32
		{89611425-EC3C-4F6E-998D-92583BF8D9D1}.Debug|x86.Build.0 = Debug|Win32
		{89611425-EC3C-4F6E-998D-92583BF8D9D1}.Release|x64.ActiveCfg = Release|x64
		{89611425-EC3C-4F6E-998D-92583BF8D9D1}.Release|x64.Build.0 = Release|x64
		{89611425-EC3C-4F6E-998D-92583BF8D9D1}.Release|x86.ActiveCfg = Release|Win32
		{89611425-EC3C-4F6E-998D-92583BF8D9D1}.Release|x86.Build.0 = Release|Win32
	EndGlobalSection
	GlobalSection(SolutionProperties) = preSolution
		HideSolutionNode = FALSE
	EndGlobalSection
EndGlobal
